
Microsoft Visual Studio Solution File, Format Version 12.00
# Visual Studio Version 17
VisualStudioVersion = 17.6.33829.357
MinimumVisualStudioVersion = 10.0.40219.1
Project("{FAE04EC0-301F-11D3-BF4B-00C04F79EFBC}") = "Advent Of Code Practice (2022)", "Advent Of Code Practice (2022)\Advent Of Code Practice (2022).csproj", "{66975ABE-05AB-4AEC-B32D-7354896C2A06}"
EndProject
Project("{FAE04EC0-301F-11D3-BF4B-00C04F79EFBC}") = "Day 1", "Day 1\Day 1.csproj", "{7896B490-B75C-4369-B78D-E45DEE9C4D53}"
EndProject
Global
	GlobalSection(SolutionConfigurationPlatforms) = preSolution
		Debug|Any CPU = Debug|Any CPU
		Release|Any CPU = Release|Any CPU
	EndGlobalSection
	GlobalSection(ProjectConfigurationPlatforms) = postSolution
		{66975ABE-05AB-4AEC-B32D-7354896C2A06}.Debug|Any CPU.ActiveCfg = Debug|Any CPU
		{66975ABE-05AB-4AEC-B32D-7354896C2A06}.Debug|Any CPU.Build.0 = Debug|Any CPU
		{66975ABE-05AB-4AEC-B32D-7354896C2A06}.Release|Any CPU.ActiveCfg = Release|Any CPU
		{66975ABE-05AB-4AEC-B32D-7354896C2A06}.Release|Any CPU.Build.0 = Release|Any CPU
		{7896B490-B75C-4369-B78D-E45DEE9C4D53}.Debug|Any CPU.ActiveCfg = Debug|Any CPU
		{7896B490-B75C-4369-B78D-E45DEE9C4D53}.Debug|Any CPU.Build.0 = Debug|Any CPU
		{7896B490-B75C-4369-B78D-E45DEE9C4D53}.Release|Any CPU.ActiveCfg = Release|Any CPU
		{7896B490-B75C-4369-B78D-E45DEE9C4D53}.Release|Any CPU.Build.0 = Release|Any CPU
	EndGlobalSection
	GlobalSection(SolutionProperties) = preSolution
		HideSolutionNode = FALSE
	EndGlobalSection
	GlobalSection(ExtensibilityGlobals) = postSolution
		SolutionGuid = {2DF33968-97D9-4F02-9E7C-A23406640000}
	EndGlobalSection
EndGlobal
